
Microsoft Visual Studio Solution File, Format Version 12.00
# Visual Studio Version 17
VisualStudioVersion = 17.2.32630.192
MinimumVisualStudioVersion = 10.0.40219.1
Project("{2150E333-8FDC-42A3-9474-1A3956D46DE8}") = "Front_End", "Front_End", "{69679711-4AE2-49F7-92C5-6E734A4F5E02}"
EndProject
Project("{2150E333-8FDC-42A3-9474-1A3956D46DE8}") = "Services", "Services", "{1A3F2508-70D1-4D1C-A043-C647763CB68D}"
EndProject
Project("{FAE04EC0-301F-11D3-BF4B-00C04F79EFBC}") = "Mango.Web", "Front_End\Mango.Web\Mango.Web.csproj", "{51C16968-8385-4D52-AC39-C1DD540C1028}"
EndProject
Project("{FAE04EC0-301F-11D3-BF4B-00C04F79EFBC}") = "Mongo.Services.ProductAPI", "Services\Mongo.Services.ProductAPI\Mongo.Services.ProductAPI.csproj", "{1B7166B3-9183-4E47-9F39-F28AF044EB3A}"
EndProject
Global
	GlobalSection(SolutionConfigurationPlatforms) = preSolution
		Debug|Any CPU = Debug|Any CPU
		Release|Any CPU = Release|Any CPU
	EndGlobalSection
	GlobalSection(ProjectConfigurationPlatforms) = postSolution
		{51C16968-8385-4D52-AC39-C1DD540C1028}.Debug|Any CPU.ActiveCfg = Debug|Any CPU
		{51C16968-8385-4D52-AC39-C1DD540C1028}.Debug|Any CPU.Build.0 = Debug|Any CPU
		{51C16968-8385-4D52-AC39-C1DD540C1028}.Release|Any CPU.ActiveCfg = Release|Any CPU
		{51C16968-8385-4D52-AC39-C1DD540C1028}.Release|Any CPU.Build.0 = Release|Any CPU
		{1B7166B3-9183-4E47-9F39-F28AF044EB3A}.Debug|Any CPU.ActiveCfg = Debug|Any CPU
		{1B7166B3-9183-4E47-9F39-F28AF044EB3A}.Debug|Any CPU.Build.0 = Debug|Any CPU
		{1B7166B3-9183-4E47-9F39-F28AF044EB3A}.Release|Any CPU.ActiveCfg = Release|Any CPU
		{1B7166B3-9183-4E47-9F39-F28AF044EB3A}.Release|Any CPU.Build.0 = Release|Any CPU
	EndGlobalSection
	GlobalSection(SolutionProperties) = preSolution
		HideSolutionNode = FALSE
	EndGlobalSection
	GlobalSection(NestedProjects) = preSolution
		{51C16968-8385-4D52-AC39-C1DD540C1028} = {69679711-4AE2-49F7-92C5-6E734A4F5E02}
		{1B7166B3-9183-4E47-9F39-F28AF044EB3A} = {1A3F2508-70D1-4D1C-A043-C647763CB68D}
	EndGlobalSection
	GlobalSection(ExtensibilityGlobals) = postSolution
		SolutionGuid = {AECDBA17-F01D-42AD-B2A6-D81124650F4E}
	EndGlobalSection
EndGlobal
